PODS:
  - Expecta (0.3.1)
  - KIF (3.0.8):
    - KIF/XCTest
  - KIF/XCTest (3.0.8)
  - OHHTTPStubs (3.1.5):
    - OHHTTPStubs/Core
  - OHHTTPStubs/Core (3.1.5)
  - Specta (0.2.99)
  - Swizzlean (0.2.0)

DEPENDENCIES:
  - Expecta
  - KIF
  - OHHTTPStubs
  - Specta (from `git@github.com:specta/specta.git`, branch `0.3-wip`)
  - Swizzlean

EXTERNAL SOURCES:
  Specta:
    :branch: 0.3-wip
    :git: git@github.com:specta/specta.git

SPEC CHECKSUMS:
  Expecta: 03aabd0a89d8dea843baecb19a7fd7466a69a31d
  KIF: 2db5e8cf59136dd1267d49cca0d55883389b09d3
  OHHTTPStubs: c1e362552b71b81e1deb7a80f44c51585b946c43
  Specta: 85ea870d8886e0bbf92ed8df112823bf3eb07322
  Swizzlean: dc03ad1d847a3748f456982b7ede4e3bad4a9630

COCOAPODS: 0.34.1
